
Microsoft Visual Studio Solution File, Format Version 12.00
# Visual Studio Version 17
VisualStudioVersion = 17.3.32929.385
MinimumVisualStudioVersion = 10.0.40219.1
Project("{FAE04EC0-301F-11D3-BF4B-00C04F79EFBC}") = "Cross2", "Cross2.csproj", "{84D8D76A-12C8-4C3D-868E-28821E7DE02F}"
EndProject
Global
	GlobalSection(SolutionConfigurationPlatforms) = preSolution
		Debug|Any CPU = Debug|Any CPU
		Release|Any CPU = Release|Any CPU
	EndGlobalSection
	GlobalSection(ProjectConfigurationPlatforms) = postSolution
		{84D8D76A-12C8-4C3D-868E-28821E7DE02F}.Debug|Any CPU.ActiveCfg = Debug|Any CPU
		{84D8D76A-12C8-4C3D-868E-28821E7DE02F}.Debug|Any CPU.Build.0 = Debug|Any CPU
		{84D8D76A-12C8-4C3D-868E-28821E7DE02F}.Release|Any CPU.ActiveCfg = Release|Any CPU
		{84D8D76A-12C8-4C3D-868E-28821E7DE02F}.Release|Any CPU.Build.0 = Release|Any CPU
	EndGlobalSection
	GlobalSection(SolutionProperties) = preSolution
		HideSolutionNode = FALSE
	EndGlobalSection
	GlobalSection(ExtensibilityGlobals) = postSolution
		SolutionGuid = {F249B118-101C-43BC-83BF-FA3151749881}
	EndGlobalSection
EndGlobal
