
Microsoft Visual Studio Solution File, Format Version 12.00
# Visual Studio Version 17
VisualStudioVersion = 17.3.32929.385
MinimumVisualStudioVersion = 10.0.40219.1
Project("{FAE04EC0-301F-11D3-BF4B-00C04F79EFBC}") = "DotNetTools", "DotNetTools.csproj", "{F29CB249-ACE1-4A40-9DB9-9EE7D1999188}"
EndProject
Global
	GlobalSection(SolutionConfigurationPlatforms) = preSolution
		Debug|Any CPU = Debug|Any CPU
		Release|Any CPU = Release|Any CPU
	EndGlobalSection
	GlobalSection(ProjectConfigurationPlatforms) = postSolution
		{F29CB249-ACE1-4A40-9DB9-9EE7D1999188}.Debug|Any CPU.ActiveCfg = Debug|Any CPU
		{F29CB249-ACE1-4A40-9DB9-9EE7D1999188}.Debug|Any CPU.Build.0 = Debug|Any CPU
		{F29CB249-ACE1-4A40-9DB9-9EE7D1999188}.Release|Any CPU.ActiveCfg = Release|Any CPU
		{F29CB249-ACE1-4A40-9DB9-9EE7D1999188}.Release|Any CPU.Build.0 = Release|Any CPU
	EndGlobalSection
	GlobalSection(SolutionProperties) = preSolution
		HideSolutionNode = FALSE
	EndGlobalSection
	GlobalSection(ExtensibilityGlobals) = postSolution
		SolutionGuid = {C652A2B4-465D-48BF-943D-1E5720577F30}
	EndGlobalSection
EndGlobal
